{
  "requires": true,
  "lockfileVersion": 1,
  "dependencies": {
    "@jetbrains/kotlin-react": {
      "version": "16.6.0-pre.67",
      "resolved": "https://registry.npmjs.org/@jetbrains/kotlin-react/-/kotlin-react-16.6.0-pre.67.tgz",
      "integrity": "sha512-p82sHSckh6lKW6Tj/rOw6j0pKSvowsHv8Y2o6rWxpUbfie01vdIZHEwXFnblpNcJdVsjTun+onE6m+CtYOmsXQ=="
    }
  }
}
